
Microsoft Visual Studio Solution File, Format Version 12.00
# Visual Studio Version 17
VisualStudioVersion = 17.2.32630.192
MinimumVisualStudioVersion = 10.0.40219.1
Project("{8BC9CEB8-8B4A-11D0-8D11-00A0C91BC942}") = "Ex10", "Ex10\Ex10.vcxproj", "{B9C08590-4119-4143-8405-D6CAEAE32FF1}"
EndProject
Global
	GlobalSection(SolutionConfigurationPlatforms) = preSolution
		Debug|x64 = Debug|x64
		Debug|x86 = Debug|x86
		Release|x64 = Release|x64
		Release|x86 = Release|x86
	EndGlobalSection
	GlobalSection(ProjectConfigurationPlatforms) = postSolution
		{B9C08590-4119-4143-8405-D6CAEAE32FF1}.Debug|x64.ActiveCfg = Debug|x64
		{B9C08590-4119-4143-8405-D6CAEAE32FF1}.Debug|x64.Build.0 = Debug|x64
		{B9C08590-4119-4143-8405-D6CAEAE32FF1}.Debug|x86.ActiveCfg = Debug|Win32
		{B9C08590-4119-4143-8405-D6CAEAE32FF1}.Debug|x86.Build.0 = Debug|Win32
		{B9C08590-4119-4143-8405-D6CAEAE32FF1}.Release|x64.ActiveCfg = Release|x64
		{B9C08590-4119-4143-8405-D6CAEAE32FF1}.Release|x64.Build.0 = Release|x64
		{B9C08590-4119-4143-8405-D6CAEAE32FF1}.Release|x86.ActiveCfg = Release|Win32
		{B9C08590-4119-4143-8405-D6CAEAE32FF1}.Release|x86.Build.0 = Release|Win32
	EndGlobalSection
	GlobalSection(SolutionProperties) = preSolution
		HideSolutionNode = FALSE
	EndGlobalSection
	GlobalSection(ExtensibilityGlobals) = postSolution
		SolutionGuid = {DAA36234-0234-40D0-A381-42E5447BE301}
	EndGlobalSection
EndGlobal
